
Microsoft Visual Studio Solution File, Format Version 12.00
# Visual Studio 14
VisualStudioVersion = 14.0.25420.1
MinimumVisualStudioVersion = 10.0.40219.1
Project("{FAE04EC0-301F-11D3-BF4B-00C04F79EFBC}") = "Pioneer.SalesTrackerV2.Api", "Pioneer.SalesTrackerV2.Api\Pioneer.SalesTrackerV2.Api.csproj", "{92B4AD05-2BEF-47F5-9B62-5B6137C80A44}"
EndProject
Project("{FAE04EC0-301F-11D3-BF4B-00C04F79EFBC}") = "Pioneer.SalesTrackerV2.Api.Tests", "Pioneer.SalesTrackerV2.Api.Tests\Pioneer.SalesTrackerV2.Api.Tests.csproj", "{91A65C01-A800-404C-B655-128203A7D5BE}"
EndProject
Project("{E24C65DC-7377-472B-9ABA-BC803B73C61A}") = "Client", "Client\", "{29C3922E-62F2-4347-8371-45001704024B}"
	ProjectSection(WebsiteProperties) = preProject
		TargetFrameworkMoniker = ".NETFramework,Version%3Dv4.5.2"
		Debug.AspNetCompiler.VirtualPath = "/localhost_18965"
		Debug.AspNetCompiler.PhysicalPath = "Client\"
		Debug.AspNetCompiler.TargetPath = "PrecompiledWeb\localhost_18965\"
		Debug.AspNetCompiler.Updateable = "true"
		Debug.AspNetCompiler.ForceOverwrite = "true"
		Debug.AspNetCompiler.FixedNames = "false"
		Debug.AspNetCompiler.Debug = "True"
		Release.AspNetCompiler.VirtualPath = "/localhost_18965"
		Release.AspNetCompiler.PhysicalPath = "Client\"
		Release.AspNetCompiler.TargetPath = "PrecompiledWeb\localhost_18965\"
		Release.AspNetCompiler.Updateable = "true"
		Release.AspNetCompiler.ForceOverwrite = "true"
		Release.AspNetCompiler.FixedNames = "false"
		Release.AspNetCompiler.Debug = "False"
		VWDPort = "18965"
		SlnRelativePath = "Client\"
		DefaultWebSiteLanguage = "Visual C#"
	EndProjectSection
EndProject
Global
	GlobalSection(SolutionConfigurationPlatforms) = preSolution
		Debug|Any CPU = Debug|Any CPU
		Release|Any CPU = Release|Any CPU
	EndGlobalSection
	GlobalSection(ProjectConfigurationPlatforms) = postSolution
		{92B4AD05-2BEF-47F5-9B62-5B6137C80A44}.Debug|Any CPU.ActiveCfg = Debug|Any CPU
		{92B4AD05-2BEF-47F5-9B62-5B6137C80A44}.Debug|Any CPU.Build.0 = Debug|Any CPU
		{92B4AD05-2BEF-47F5-9B62-5B6137C80A44}.Release|Any CPU.ActiveCfg = Release|Any CPU
		{92B4AD05-2BEF-47F5-9B62-5B6137C80A44}.Release|Any CPU.Build.0 = Release|Any CPU
		{91A65C01-A800-404C-B655-128203A7D5BE}.Debug|Any CPU.ActiveCfg = Debug|Any CPU
		{91A65C01-A800-404C-B655-128203A7D5BE}.Debug|Any CPU.Build.0 = Debug|Any CPU
		{91A65C01-A800-404C-B655-128203A7D5BE}.Release|Any CPU.ActiveCfg = Release|Any CPU
		{91A65C01-A800-404C-B655-128203A7D5BE}.Release|Any CPU.Build.0 = Release|Any CPU
		{29C3922E-62F2-4347-8371-45001704024B}.Debug|Any CPU.ActiveCfg = Debug|Any CPU
		{29C3922E-62F2-4347-8371-45001704024B}.Debug|Any CPU.Build.0 = Debug|Any CPU
		{29C3922E-62F2-4347-8371-45001704024B}.Release|Any CPU.ActiveCfg = Debug|Any CPU
		{29C3922E-62F2-4347-8371-45001704024B}.Release|Any CPU.Build.0 = Debug|Any CPU
	EndGlobalSection
	GlobalSection(SolutionProperties) = preSolution
		HideSolutionNode = FALSE
	EndGlobalSection
EndGlobal
